
Microsoft Visual Studio Solution File, Format Version 12.00
# Visual Studio Version 17
VisualStudioVersion = 17.3.32922.545
MinimumVisualStudioVersion = 10.0.40219.1
Project("{FAE04EC0-301F-11D3-BF4B-00C04F79EFBC}") = "homeWork_PlayerPositions", "homeWork_PlayerPositions\homeWork_PlayerPositions.csproj", "{7106BD53-F83D-4E85-8FA8-1A2CC633D29A}"
EndProject
Global
	GlobalSection(SolutionConfigurationPlatforms) = preSolution
		Debug|Any CPU = Debug|Any CPU
		Release|Any CPU = Release|Any CPU
	EndGlobalSection
	GlobalSection(ProjectConfigurationPlatforms) = postSolution
		{7106BD53-F83D-4E85-8FA8-1A2CC633D29A}.Debug|Any CPU.ActiveCfg = Debug|Any CPU
		{7106BD53-F83D-4E85-8FA8-1A2CC633D29A}.Debug|Any CPU.Build.0 = Debug|Any CPU
		{7106BD53-F83D-4E85-8FA8-1A2CC633D29A}.Release|Any CPU.ActiveCfg = Release|Any CPU
		{7106BD53-F83D-4E85-8FA8-1A2CC633D29A}.Release|Any CPU.Build.0 = Release|Any CPU
	EndGlobalSection
	GlobalSection(SolutionProperties) = preSolution
		HideSolutionNode = FALSE
	EndGlobalSection
	GlobalSection(ExtensibilityGlobals) = postSolution
		SolutionGuid = {1BEAD9BC-4265-477E-92D0-CF79ADE62FC6}
	EndGlobalSection
EndGlobal
